
Microsoft Visual Studio Solution File, Format Version 12.00
# Visual Studio 14
VisualStudioVersion = 14.0.25420.1
MinimumVisualStudioVersion = 10.0.40219.1
Project("{FAE04EC0-301F-11D3-BF4B-00C04F79EFBC}") = "YPMMS.Data.Repository", "YPMMS.Data.Repository\YPMMS.Data.Repository.csproj", "{6CF40623-5B62-4EB5-8367-4D3A76FE1B07}"
	ProjectSection(ProjectDependencies) = postProject
		{C30F26F2-364A-46E4-9682-09FBD6CBE2F1} = {C30F26F2-364A-46E4-9682-09FBD6CBE2F1}
	EndProjectSection
EndProject
Project("{2150E333-8FDC-42A3-9474-1A3956D46DE8}") = "01 Data", "01 Data", "{5D11505A-0FE5-41BB-BEB1-1638A2E62437}"
EndProject
Project("{2150E333-8FDC-42A3-9474-1A3956D46DE8}") = "02 Domain", "02 Domain", "{D9156D14-3953-4C21-9562-C5DC2B6CDA1F}"
EndProject
Project("{2150E333-8FDC-42A3-9474-1A3956D46DE8}") = "03 Display", "03 Display", "{80A0ECC7-C4A1-4E86-ACAB-4412A811667D}"
EndProject
Project("{2150E333-8FDC-42A3-9474-1A3956D46DE8}") = "04 Shared", "04 Shared", "{6599808D-E4EF-4AE3-B54B-67430CE2D1C1}"
EndProject
Project("{FAE04EC0-301F-11D3-BF4B-00C04F79EFBC}") = "YPMMS.Shared.Core", "YPMMS.Shared.Core\YPMMS.Shared.Core.csproj", "{C30F26F2-364A-46E4-9682-09FBD6CBE2F1}"
EndProject
Project("{FAE04EC0-301F-11D3-BF4B-00C04F79EFBC}") = "YPMMS.Website", "YPMMS.Display.Website\YPMMS.Website.csproj", "{CCBCF88F-7450-41B7-A3F0-7B0395A7534C}"
	ProjectSection(ProjectDependencies) = postProject
		{C0F59718-EC6C-4839-A6FC-F6CF7E9E7BAD} = {C0F59718-EC6C-4839-A6FC-F6CF7E9E7BAD}
		{F3A3867D-0F77-4151-8E8E-D159E5125E5C} = {F3A3867D-0F77-4151-8E8E-D159E5125E5C}
	EndProjectSection
EndProject
Project("{FAE04EC0-301F-11D3-BF4B-00C04F79EFBC}") = "YPMMS.Domain.Service", "YPMMS.Domain.Service\YPMMS.Domain.Service.csproj", "{F3A3867D-0F77-4151-8E8E-D159E5125E5C}"
EndProject
Project("{FAE04EC0-301F-11D3-BF4B-00C04F79EFBC}") = "YPMMS.Display.Utilities", "YPMMS.Display.Utilities\YPMMS.Display.Utilities.csproj", "{C0F59718-EC6C-4839-A6FC-F6CF7E9E7BAD}"
EndProject
Global
	GlobalSection(SolutionConfigurationPlatforms) = preSolution
		Debug|Any CPU = Debug|Any CPU
		Release|Any CPU = Release|Any CPU
	EndGlobalSection
	GlobalSection(ProjectConfigurationPlatforms) = postSolution
		{6CF40623-5B62-4EB5-8367-4D3A76FE1B07}.Debug|Any CPU.ActiveCfg = Debug|Any CPU
		{6CF40623-5B62-4EB5-8367-4D3A76FE1B07}.Debug|Any CPU.Build.0 = Debug|Any CPU
		{6CF40623-5B62-4EB5-8367-4D3A76FE1B07}.Release|Any CPU.ActiveCfg = Release|Any CPU
		{6CF40623-5B62-4EB5-8367-4D3A76FE1B07}.Release|Any CPU.Build.0 = Release|Any CPU
		{C30F26F2-364A-46E4-9682-09FBD6CBE2F1}.Debug|Any CPU.ActiveCfg = Debug|Any CPU
		{C30F26F2-364A-46E4-9682-09FBD6CBE2F1}.Debug|Any CPU.Build.0 = Debug|Any CPU
		{C30F26F2-364A-46E4-9682-09FBD6CBE2F1}.Release|Any CPU.ActiveCfg = Release|Any CPU
		{C30F26F2-364A-46E4-9682-09FBD6CBE2F1}.Release|Any CPU.Build.0 = Release|Any CPU
		{CCBCF88F-7450-41B7-A3F0-7B0395A7534C}.Debug|Any CPU.ActiveCfg = Debug|Any CPU
		{CCBCF88F-7450-41B7-A3F0-7B0395A7534C}.Debug|Any CPU.Build.0 = Debug|Any CPU
		{CCBCF88F-7450-41B7-A3F0-7B0395A7534C}.Release|Any CPU.ActiveCfg = Release|Any CPU
		{CCBCF88F-7450-41B7-A3F0-7B0395A7534C}.Release|Any CPU.Build.0 = Release|Any CPU
		{F3A3867D-0F77-4151-8E8E-D159E5125E5C}.Debug|Any CPU.ActiveCfg = Debug|Any CPU
		{F3A3867D-0F77-4151-8E8E-D159E5125E5C}.Debug|Any CPU.Build.0 = Debug|Any CPU
		{F3A3867D-0F77-4151-8E8E-D159E5125E5C}.Release|Any CPU.ActiveCfg = Release|Any CPU
		{F3A3867D-0F77-4151-8E8E-D159E5125E5C}.Release|Any CPU.Build.0 = Release|Any CPU
		{C0F59718-EC6C-4839-A6FC-F6CF7E9E7BAD}.Debug|Any CPU.ActiveCfg = Debug|Any CPU
		{C0F59718-EC6C-4839-A6FC-F6CF7E9E7BAD}.Debug|Any CPU.Build.0 = Debug|Any CPU
		{C0F59718-EC6C-4839-A6FC-F6CF7E9E7BAD}.Release|Any CPU.ActiveCfg = Release|Any CPU
		{C0F59718-EC6C-4839-A6FC-F6CF7E9E7BAD}.Release|Any CPU.Build.0 = Release|Any CPU
	EndGlobalSection
	GlobalSection(SolutionProperties) = preSolution
		HideSolutionNode = FALSE
	EndGlobalSection
	GlobalSection(NestedProjects) = preSolution
		{6CF40623-5B62-4EB5-8367-4D3A76FE1B07} = {5D11505A-0FE5-41BB-BEB1-1638A2E62437}
		{C30F26F2-364A-46E4-9682-09FBD6CBE2F1} = {6599808D-E4EF-4AE3-B54B-67430CE2D1C1}
		{CCBCF88F-7450-41B7-A3F0-7B0395A7534C} = {80A0ECC7-C4A1-4E86-ACAB-4412A811667D}
		{F3A3867D-0F77-4151-8E8E-D159E5125E5C} = {D9156D14-3953-4C21-9562-C5DC2B6CDA1F}
		{C0F59718-EC6C-4839-A6FC-F6CF7E9E7BAD} = {80A0ECC7-C4A1-4E86-ACAB-4412A811667D}
	EndGlobalSection
EndGlobal
